{
    "version": 4,
    "terraform_version": "1.5.7",
    "serial": 24,
    "lineage": "37501ba0-70cb-462d-c01d-b27773da68df",
    "outputs": {},
    "resources": [
      {
        "mode": "data",
        "type": "google_client_config",
        "name": "default",
        "provider": "provider[\"registry.terraform.io/hashicorp/google\"]",
        "instances": [
          {
            "schema_version": 0,
            "attributes": {
              "access_token": "ya29.a0AXeO80RWdTaHMxa8QohQhNpjbt0shUlUOS-VGOVbCJ9qGe4K7_sMki3idZUG37eFdpAeCHI-gRTG9kfVbkSAWpmq22pD4iOGwOxiY8MzwFl8HTP4e6VtoWhD70tB81MPsLgxDLaKqriBbZzzwbhvDXMSZmzfAyOOaFhegcN2wEg4zLl2Bewbk_TPiXUOIrAeu9_dKF17_-tB_ebofeNY-kC5M7kvFz9VHGB6U9nIkAI6A7tn85nkJF0Wmu57OpPhD4c9va3gFMRb6E3xG9r3ZnnbeNTXWZxuLFE_JrsSerJyHPfkA1lzDb-Usarl-vctD6O2FgyvWKBWK2ESKl13M27o0FZlXK5CJAhF8Hsh6lpSlQE6xaPHEHrysEZjdM2wNSuO_h4VqDiVtL_FnnvyHHf3m_jOXZLv8wxK_QaCgYKASASARISFQHGX2MiLJBv2-UGJkOqPk1ll8WTZw0429",
              "id": "projects/\"devops-tp1\"/regions/\u003cnull\u003e/zones/\u003cnull\u003e",
              "project": "devops-tp1",
              "region": null,
              "zone": null
            },
            "sensitive_attributes": []
          }
        ]
      },
      {
        "mode": "data",
        "type": "google_container_cluster",
        "name": "my_cluster",
        "provider": "provider[\"registry.terraform.io/hashicorp/google\"]",
        "instances": [
          {
            "schema_version": 0,
            "attributes": {
              "addons_config": [
                {
                  "cloudrun_config": [],
                  "config_connector_config": [],
                  "dns_cache_config": [],
                  "gce_persistent_disk_csi_driver_config": [
                    {
                      "enabled": true
                    }
                  ],
                  "gcp_filestore_csi_driver_config": [],
                  "gcs_fuse_csi_driver_config": [],
                  "gke_backup_agent_config": [],
                  "horizontal_pod_autoscaling": [],
                  "http_load_balancing": [],
                  "network_policy_config": [
                    {
                      "disabled": true
                    }
                  ]
                }
              ],
              "allow_net_admin": null,
              "authenticator_groups_config": [],
              "binary_authorization": [],
              "cluster_autoscaling": [
                {
                  "auto_provisioning_defaults": [],
                  "enabled": false,
                  "resource_limits": []
                }
              ],
              "cluster_ipv4_cidr": "10.112.0.0/14",
              "confidential_nodes": [],
              "cost_management_config": [],
              "database_encryption": [
                {
                  "key_name": "",
                  "state": "DECRYPTED"
                }
              ],
              "datapath_provider": "",
              "default_max_pods_per_node": 110,
              "default_snat_status": [],
              "description": "",
              "dns_config": [],
              "enable_autopilot": false,
              "enable_binary_authorization": false,
              "enable_intranode_visibility": false,
              "enable_k8s_beta_apis": [],
              "enable_kubernetes_alpha": false,
              "enable_l4_ilb_subsetting": false,
              "enable_legacy_abac": false,
              "enable_shielded_nodes": true,
              "enable_tpu": false,
              "endpoint": "34.55.60.119",
              "gateway_api_config": [],
              "id": "projects/devops-tp1/locations/us-central1-a/clusters/gke-dauphine",
              "initial_node_count": 0,
              "ip_allocation_policy": [
                {
                  "additional_pod_ranges_config": [],
                  "cluster_ipv4_cidr_block": "10.112.0.0/14",
                  "cluster_secondary_range_name": "gke-gke-dauphine-pods-67df0b51",
                  "pod_cidr_overprovision_config": [
                    {
                      "disabled": false
                    }
                  ],
                  "services_ipv4_cidr_block": "34.118.224.0/20",
                  "services_secondary_range_name": "",
                  "stack_type": "IPV4"
                }
              ],
              "label_fingerprint": "a9dc16a7",
              "location": "us-central1-a",
              "logging_config": [
                {
                  "enable_components": [
                    "SYSTEM_COMPONENTS",
                    "WORKLOADS"
                  ]
                }
              ],
              "logging_service": "logging.googleapis.com/kubernetes",
              "maintenance_policy": [],
              "master_auth": [
                {
                  "client_certificate": "",
                  "client_certificate_config": [
                    {
                      "issue_client_certificate": false
                    }
                  ],
                  "client_key": "",
                  "cluster_ca_certificate": "LS0tLS1CRUdJTiBDRVJUSUZJQ0FURS0tLS0tCk1JSUVMVENDQXBXZ0F3SUJBZ0lSQUwzcmpYSWw1azlnU2NnQVRYbXM2Y2d3RFFZSktvWklodmNOQVFFTEJRQXcKTHpFdE1Dc0dBMVVFQXhNa05ERmlOREl5WWpndE16VXdZaTAwTURRd0xUazJaV1F0TnpOaU1UWXlOemszWVRRNApNQ0FYRFRJMU1ERXpNREEyTlRNMU5Gb1lEekl3TlRVd01USXpNRGMxTXpVMFdqQXZNUzB3S3dZRFZRUURFeVEwCk1XSTBNakppT0Mwek5UQmlMVFF3TkRBdE9UWmxaQzAzTTJJeE5qSTNPVGRoTkRnd2dnR2lNQTBHQ1NxR1NJYjMKRFFFQkFRVUFBNElCandBd2dnR0tBb0lCZ1FDZjFBdjNmSlJGVmJSZmNXUkxFelJ1SXRNbm9WNG5XUGM0UUUrWgpnWFc5aTZFdlZVNmV6c1p4SzhyRVdMRC9BYnJoN1JtdWNaU0I4L05QU1dWcngyMFBsQWE0eEU5cG43MHBHQ1g5CnM5NkE3VVhnRXFvL2R2aUNEdzJkQ0NUZFpwMHBmaThsZThXQkhFNEZhUkRtYTdsVGkrRElYakRxT3U5VDd6eEYKbXFSMGVWZ2JzaC9uVHBqLy9rYzkyMDFUSGYraHhkSXduL0pZc1ZtVGxrakxwbmlHRGUwRFVZNXhjREtaVWJtWApYcEROV1BEL0VScHhVRURGcGM4UzR5QXYraVYvTno4SDJWdWRLdlJIN3FjTGFDOW1XcVJDVE5OT3owTThReS93Cmx0VWZxeFQyOVZMNWZhSWpoVjg0U1FzVEsxek0zL044R1lsVGZkck5qRDFqZDh5VXgvR3BwRzBaRmFyUW1EN1EKNDMzRlVrT1BDMFI4ZCtMalc0VzczTXRmQ2RtLzVzVEJ4YVNvN1Z3NXBQNlVKOHhJeXIyMDFCT01HMU93eU5YdwpWV1F4SzlJT3Z5SHNwalhYRjdoK3pvc1ZVeit4Y0puUXdXNTBsdy9KWWpzYTdtakg0ZGNYZC9maHFtOGFFdWNCCkRFV2t1aXZtaVVPQlpyK3dWNzBZTWZRbXl3Y0NBd0VBQWFOQ01FQXdEZ1lEVlIwUEFRSC9CQVFEQWdJRU1BOEcKQTFVZEV3RUIvd1FGTUFNQkFmOHdIUVlEVlIwT0JCWUVGUGczbnFrTWxaTW9FbXFvUTZvTW1vNUtBMUk1TUEwRwpDU3FHU0liM0RRRUJDd1VBQTRJQmdRQjg4a2JBVDNINWZZeDk0RXlSblZ2VHFWMDJxSldiTmhXaEJFSXRSNk0wCnRyRmEzaWhsMXo3SytmOXNXa1c1bENnc2c0dkZxdVdyMVJ5ZFN6Tm5QY1E4SFV4K1FQMmVackRpNG9yNTJLbWwKZTFKa2VVSGYrWE5OVjJFekJIV3F5NkQ3aHQ3azU2S05tcGJzTjNaL1JxWU5xZ0F0am1iZGUxWWpxbjFaRnArZQpaeFBUd25mOW5BR0xtdHZJQm40Szhkek9NMEZHanlBTCs1blZQSmx4UkRPNXFSYWxtNGVyNy9oTGU2YmRMTjNrCk1xUTJPOHpqTUx1ci9pZm1IVXE5ZkxCY00wbmUrenRLcnUxVEVsSlYyanlmQjV5SzBGOGcvc0lObCtWOEYzekgKU0lBWjZFdHZ0WDlqSnlmTlN0Wmx5ZlJRaXJ2NE5RTU84K0pNQUdmUklUSHJQNFYxbldyWmNNS0swbTNTR0kzTApTUDBVS0FZVnpHV211U09CeDl4R3RBZWY5VDNVd1FUYWtzOFM5QWtjd2Q3YTVXdWtQMXN0LzJpbTdWRjladFVECm52MTZVTDhxbWN2MzVTMkd1dmNiUjI5bUJxVkU4alJ1YnZLdUJjRUM1YnIzekwyaEVDeWk5TnBvUmV0d09wYkQKaThydUVlbFBnakRmZS9IK1prQUxCb3c9Ci0tLS0tRU5EIENFUlRJRklDQVRFLS0tLS0K"
                }
              ],
              "master_authorized_networks_config": [],
              "master_version": "1.31.4-gke.1183000",
              "mesh_certificates": [],
              "min_master_version": null,
              "monitoring_config": [
                {
                  "advanced_datapath_observability_config": [
                    {
                      "enable_metrics": false,
                      "relay_mode": ""
                    }
                  ],
                  "enable_components": [
                    "SYSTEM_COMPONENTS",
                    "HPA",
                    "POD",
                    "DAEMONSET",
                    "DEPLOYMENT",
                    "STATEFULSET",
                    "STORAGE",
                    "KUBELET",
                    "CADVISOR"
                  ],
                  "managed_prometheus": [
                    {
                      "enabled": true
                    }
                  ]
                }
              ],
              "monitoring_service": "monitoring.googleapis.com/kubernetes",
              "name": "gke-dauphine",
              "network": "projects/devops-tp1/global/networks/default",
              "network_policy": [
                {
                  "enabled": false,
                  "provider": "PROVIDER_UNSPECIFIED"
                }
              ],
              "networking_mode": "VPC_NATIVE",
              "node_config": [
                {
                  "advanced_machine_features": [],
                  "boot_disk_kms_key": "",
                  "confidential_nodes": [],
                  "disk_size_gb": 100,
                  "disk_type": "pd-balanced",
                  "ephemeral_storage_local_ssd_config": [],
                  "fast_socket": [],
                  "gcfs_config": [],
                  "guest_accelerator": [],
                  "gvnic": [],
                  "host_maintenance_policy": [],
                  "image_type": "COS_CONTAINERD",
                  "kubelet_config": [
                    {
                      "cpu_cfs_quota": false,
                      "cpu_cfs_quota_period": "",
                      "cpu_manager_policy": "",
                      "pod_pids_limit": 0
                    }
                  ],
                  "labels": {},
                  "linux_node_config": [],
                  "local_nvme_ssd_block_config": [],
                  "local_ssd_count": 0,
                  "logging_variant": "DEFAULT",
                  "machine_type": "e2-standard-2",
                  "metadata": {
                    "disable-legacy-endpoints": "true"
                  },
                  "min_cpu_platform": "",
                  "node_group": "",
                  "oauth_scopes": [
                    "https://www.googleapis.com/auth/devstorage.read_only",
                    "https://www.googleapis.com/auth/logging.write",
                    "https://www.googleapis.com/auth/monitoring",
                    "https://www.googleapis.com/auth/service.management.readonly",
                    "https://www.googleapis.com/auth/servicecontrol",
                    "https://www.googleapis.com/auth/trace.append"
                  ],
                  "preemptible": false,
                  "reservation_affinity": [],
                  "resource_labels": {},
                  "service_account": "default",
                  "shielded_instance_config": [
                    {
                      "enable_integrity_monitoring": true,
                      "enable_secure_boot": false
                    }
                  ],
                  "sole_tenant_config": [],
                  "spot": false,
                  "tags": [],
                  "taint": [],
                  "workload_metadata_config": []
                }
              ],
              "node_locations": [],
              "node_pool": [
                {
                  "autoscaling": [],
                  "initial_node_count": 2,
                  "instance_group_urls": [
                    "https://www.googleapis.com/compute/v1/projects/devops-tp1/zones/us-central1-a/instanceGroupManagers/gke-gke-dauphine-default-pool-a9e8d540-grp"
                  ],
                  "managed_instance_group_urls": [
                    "https://www.googleapis.com/compute/v1/projects/devops-tp1/zones/us-central1-a/instanceGroups/gke-gke-dauphine-default-pool-a9e8d540-grp"
                  ],
                  "management": [
                    {
                      "auto_repair": true,
                      "auto_upgrade": true
                    }
                  ],
                  "max_pods_per_node": 110,
                  "name": "default-pool",
                  "name_prefix": "",
                  "network_config": [
                    {
                      "create_pod_range": false,
                      "enable_private_nodes": false,
                      "pod_cidr_overprovision_config": [],
                      "pod_ipv4_cidr_block": "10.112.0.0/14",
                      "pod_range": "gke-gke-dauphine-pods-67df0b51"
                    }
                  ],
                  "node_config": [
                    {
                      "advanced_machine_features": [],
                      "boot_disk_kms_key": "",
                      "confidential_nodes": [],
                      "disk_size_gb": 100,
                      "disk_type": "pd-balanced",
                      "ephemeral_storage_local_ssd_config": [],
                      "fast_socket": [],
                      "gcfs_config": [],
                      "guest_accelerator": [],
                      "gvnic": [],
                      "host_maintenance_policy": [],
                      "image_type": "COS_CONTAINERD",
                      "kubelet_config": [
                        {
                          "cpu_cfs_quota": false,
                          "cpu_cfs_quota_period": "",
                          "cpu_manager_policy": "",
                          "pod_pids_limit": 0
                        }
                      ],
                      "labels": {},
                      "linux_node_config": [],
                      "local_nvme_ssd_block_config": [],
                      "local_ssd_count": 0,
                      "logging_variant": "DEFAULT",
                      "machine_type": "e2-standard-2",
                      "metadata": {
                        "disable-legacy-endpoints": "true"
                      },
                      "min_cpu_platform": "",
                      "node_group": "",
                      "oauth_scopes": [
                        "https://www.googleapis.com/auth/devstorage.read_only",
                        "https://www.googleapis.com/auth/logging.write",
                        "https://www.googleapis.com/auth/monitoring",
                        "https://www.googleapis.com/auth/service.management.readonly",
                        "https://www.googleapis.com/auth/servicecontrol",
                        "https://www.googleapis.com/auth/trace.append"
                      ],
                      "preemptible": false,
                      "reservation_affinity": [],
                      "resource_labels": {},
                      "service_account": "default",
                      "shielded_instance_config": [
                        {
                          "enable_integrity_monitoring": true,
                          "enable_secure_boot": false
                        }
                      ],
                      "sole_tenant_config": [],
                      "spot": false,
                      "tags": [],
                      "taint": [],
                      "workload_metadata_config": []
                    }
                  ],
                  "node_count": 2,
                  "node_locations": [
                    "us-central1-a"
                  ],
                  "placement_policy": [],
                  "upgrade_settings": [
                    {
                      "blue_green_settings": [],
                      "max_surge": 1,
                      "max_unavailable": 0,
                      "strategy": "SURGE"
                    }
                  ],
                  "version": "1.31.4-gke.1183000"
                }
              ],
              "node_pool_auto_config": [],
              "node_pool_defaults": [
                {
                  "node_config_defaults": [
                    {
                      "logging_variant": "DEFAULT"
                    }
                  ]
                }
              ],
              "node_version": "1.31.4-gke.1183000",
              "notification_config": [
                {
                  "pubsub": [
                    {
                      "enabled": false,
                      "filter": [],
                      "topic": ""
                    }
                  ]
                }
              ],
              "operation": null,
              "private_cluster_config": [
                {
                  "enable_private_endpoint": false,
                  "enable_private_nodes": false,
                  "master_global_access_config": [
                    {
                      "enabled": false
                    }
                  ],
                  "master_ipv4_cidr_block": "",
                  "peering_name": "",
                  "private_endpoint": "10.128.0.9",
                  "private_endpoint_subnetwork": "",
                  "public_endpoint": "34.55.60.119"
                }
              ],
              "private_ipv6_google_access": "",
              "project": "devops-tp1",
              "release_channel": [
                {
                  "channel": "REGULAR"
                }
              ],
              "remove_default_node_pool": null,
              "resource_labels": {},
              "resource_usage_export_config": [],
              "security_posture_config": [
                {
                  "mode": "BASIC",
                  "vulnerability_mode": "VULNERABILITY_MODE_UNSPECIFIED"
                }
              ],
              "self_link": "https://container.googleapis.com/v1/projects/devops-tp1/zones/us-central1-a/clusters/gke-dauphine",
              "service_external_ips_config": [
                {
                  "enabled": false
                }
              ],
              "services_ipv4_cidr": "34.118.224.0/20",
              "subnetwork": "projects/devops-tp1/regions/us-central1/subnetworks/default",
              "tpu_ipv4_cidr_block": "",
              "vertical_pod_autoscaling": [],
              "workload_identity_config": []
            },
            "sensitive_attributes": []
          }
        ]
      },
      {
        "mode": "data",
        "type": "google_iam_policy",
        "name": "noauth",
        "provider": "provider[\"registry.terraform.io/hashicorp/google\"]",
        "instances": [
          {
            "schema_version": 0,
            "attributes": {
              "audit_config": null,
              "binding": [
                {
                  "condition": [],
                  "members": [
                    "allUsers"
                  ],
                  "role": "roles/run.invoker"
                }
              ],
              "id": "3450855414",
              "policy_data": "{\"bindings\":[{\"members\":[\"allUsers\"],\"role\":\"roles/run.invoker\"}]}"
            },
            "sensitive_attributes": []
          }
        ]
      },
      {
        "mode": "managed",
        "type": "google_artifact_registry_repository",
        "name": "demo-repo",
        "provider": "provider[\"registry.terraform.io/hashicorp/google\"]",
        "instances": [
          {
            "schema_version": 0,
            "attributes": {
              "create_time": "2025-01-30T10:26:19.553272Z",
              "description": "Exemple de repo Docker",
              "docker_config": [],
              "format": "DOCKER",
              "id": "projects/devops-tp1/locations/us-central1/repositories/demo-repository",
              "kms_key_name": "",
              "labels": {},
              "location": "us-central1",
              "maven_config": [],
              "mode": "STANDARD_REPOSITORY",
              "name": "demo-repository",
              "project": "devops-tp1",
              "remote_repository_config": [],
              "repository_id": "demo-repository",
              "timeouts": null,
              "update_time": "2025-01-30T10:52:16.075196Z",
              "virtual_repository_config": []
            },
            "sensitive_attributes": [],
            "private": "eyJlMmJmYjczMC1lY2FhLTExZTYtOGY4OC0zNDM2M2JjN2M0YzAiOnsiY3JlYXRlIjoxMjAwMDAwMDAwMDAwLCJkZWxldGUiOjEyMDAwMDAwMDAwMDAsInVwZGF0ZSI6MTIwMDAwMDAwMDAwMH19",
            "dependencies": [
              "google_project_service.artifact",
              "google_project_service.ressource_manager"
            ]
          }
        ]
      },
      {
        "mode": "managed",
        "type": "google_cloud_run_service",
        "name": "wordpress",
        "provider": "provider[\"registry.terraform.io/hashicorp/google\"]",
        "instances": [
          {
            "schema_version": 1,
            "attributes": {
              "autogenerate_revision_name": false,
              "id": "locations/us-central1/namespaces/devops-tp1/services/my-wordpress",
              "location": "us-central1",
              "metadata": [
                {
                  "annotations": {
                    "run.googleapis.com/ingress": "all",
                    "run.googleapis.com/ingress-status": "all",
                    "run.googleapis.com/operation-id": "8402fcd0-76c3-4b4d-95b1-f7dd55aa4ca6",
                    "run.googleapis.com/urls": "[\"https://my-wordpress-252212554715.us-central1.run.app\",\"https://my-wordpress-z5jiudvxmq-uc.a.run.app\"]",
                    "serving.knative.dev/creator": "nathan.zafizara@gmail.com",
                    "serving.knative.dev/lastModifier": "nathan.zafizara@gmail.com"
                  },
                  "generation": 1,
                  "labels": {
                    "cloud.googleapis.com/location": "us-central1"
                  },
                  "namespace": "devops-tp1",
                  "resource_version": "AAYs6jyHw2k",
                  "self_link": "/apis/serving.knative.dev/v1/namespaces/252212554715/services/my-wordpress",
                  "uid": "4b27ded9-3a89-4762-b109-f0d13f48bbd0"
                }
              ],
              "name": "my-wordpress",
              "project": "devops-tp1",
              "status": [
                {
                  "conditions": [
                    {
                      "message": "",
                      "reason": "",
                      "status": "True",
                      "type": "Ready"
                    },
                    {
                      "message": "",
                      "reason": "",
                      "status": "True",
                      "type": "ConfigurationsReady"
                    },
                    {
                      "message": "",
                      "reason": "",
                      "status": "True",
                      "type": "RoutesReady"
                    }
                  ],
                  "latest_created_revision_name": "my-wordpress-00001-c62",
                  "latest_ready_revision_name": "my-wordpress-00001-c62",
                  "observed_generation": 1,
                  "traffic": [
                    {
                      "latest_revision": true,
                      "percent": 100,
                      "revision_name": "my-wordpress-00001-c62",
                      "tag": "",
                      "url": ""
                    }
                  ],
                  "url": "https://my-wordpress-z5jiudvxmq-uc.a.run.app"
                }
              ],
              "template": [
                {
                  "metadata": [
                    {
                      "annotations": {
                        "autoscaling.knative.dev/maxScale": "100"
                      },
                      "generation": 0,
                      "labels": {
                        "run.googleapis.com/startupProbeType": "Default"
                      },
                      "name": "",
                      "namespace": "",
                      "resource_version": "",
                      "self_link": "",
                      "uid": ""
                    }
                  ],
                  "spec": [
                    {
                      "container_concurrency": 80,
                      "containers": [
                        {
                          "args": [],
                          "command": [],
                          "env": [],
                          "env_from": [],
                          "image": "us-central1-docker.pkg.dev/devops-tp1/demo-repository/wp-db:0.2",
                          "liveness_probe": [],
                          "name": "",
                          "ports": [
                            {
                              "container_port": 80,
                              "name": "http1",
                              "protocol": ""
                            }
                          ],
                          "resources": [
                            {
                              "limits": {
                                "cpu": "1000m",
                                "memory": "512Mi"
                              },
                              "requests": {}
                            }
                          ],
                          "startup_probe": [
                            {
                              "failure_threshold": 1,
                              "grpc": [],
                              "http_get": [],
                              "initial_delay_seconds": 0,
                              "period_seconds": 240,
                              "tcp_socket": [
                                {
                                  "port": 80
                                }
                              ],
                              "timeout_seconds": 240
                            }
                          ],
                          "volume_mounts": [],
                          "working_dir": ""
                        }
                      ],
                      "service_account_name": "252212554715-compute@developer.gserviceaccount.com",
                      "serving_state": "",
                      "timeout_seconds": 300,
                      "volumes": []
                    }
                  ]
                }
              ],
              "timeouts": null,
              "traffic": [
                {
                  "latest_revision": true,
                  "percent": 100,
                  "revision_name": "",
                  "tag": "",
                  "url": ""
                }
              ]
            },
            "sensitive_attributes": [],
            "private": "eyJlMmJmYjczMC1lY2FhLTExZTYtOGY4OC0zNDM2M2JjN2M0YzAiOnsiY3JlYXRlIjoxMjAwMDAwMDAwMDAwLCJkZWxldGUiOjEyMDAwMDAwMDAwMDAsInVwZGF0ZSI6MTIwMDAwMDAwMDAwMH0sInNjaGVtYV92ZXJzaW9uIjoiMSJ9"
          }
        ]
      },
      {
        "mode": "managed",
        "type": "google_cloud_run_service_iam_policy",
        "name": "noauth",
        "provider": "provider[\"registry.terraform.io/hashicorp/google\"]",
        "instances": [
          {
            "schema_version": 0,
            "attributes": {
              "etag": "BwYs6j0Pkyo=",
              "id": "v1/projects/devops-tp1/locations/us-central1/services/my-wordpress",
              "location": "us-central1",
              "policy_data": "{\"bindings\":[{\"members\":[\"allUsers\"],\"role\":\"roles/run.invoker\"}]}",
              "project": "devops-tp1",
              "service": "v1/projects/devops-tp1/locations/us-central1/services/my-wordpress"
            },
            "sensitive_attributes": [],
            "private": "bnVsbA==",
            "dependencies": [
              "data.google_iam_policy.noauth",
              "google_cloud_run_service.wordpress"
            ]
          }
        ]
      },
      {
        "mode": "managed",
        "type": "google_project_service",
        "name": "artifact",
        "provider": "provider[\"registry.terraform.io/hashicorp/google\"]",
        "instances": [
          {
            "schema_version": 0,
            "attributes": {
              "disable_dependent_services": null,
              "disable_on_destroy": true,
              "id": "devops-tp1/artifactregistry.googleapis.com",
              "project": "devops-tp1",
              "service": "artifactregistry.googleapis.com",
              "timeouts": null
            },
            "sensitive_attributes": [],
            "private": "eyJlMmJmYjczMC1lY2FhLTExZTYtOGY4OC0zNDM2M2JjN2M0YzAiOnsiY3JlYXRlIjoxMjAwMDAwMDAwMDAwLCJkZWxldGUiOjEyMDAwMDAwMDAwMDAsInJlYWQiOjYwMDAwMDAwMDAwMCwidXBkYXRlIjoxMjAwMDAwMDAwMDAwfX0=",
            "dependencies": [
              "google_project_service.ressource_manager"
            ]
          }
        ]
      },
      {
        "mode": "managed",
        "type": "google_project_service",
        "name": "ressource_manager",
        "provider": "provider[\"registry.terraform.io/hashicorp/google\"]",
        "instances": [
          {
            "schema_version": 0,
            "attributes": {
              "disable_dependent_services": null,
              "disable_on_destroy": true,
              "id": "devops-tp1/cloudresourcemanager.googleapis.com",
              "project": "devops-tp1",
              "service": "cloudresourcemanager.googleapis.com",
              "timeouts": null
            },
            "sensitive_attributes": [],
            "private": "eyJlMmJmYjczMC1lY2FhLTExZTYtOGY4OC0zNDM2M2JjN2M0YzAiOnsiY3JlYXRlIjoxMjAwMDAwMDAwMDAwLCJkZWxldGUiOjEyMDAwMDAwMDAwMDAsInJlYWQiOjYwMDAwMDAwMDAwMCwidXBkYXRlIjoxMjAwMDAwMDAwMDAwfX0="
          }
        ]
      },
      {
        "mode": "managed",
        "type": "google_project_service",
        "name": "ressource_usage",
        "provider": "provider[\"registry.terraform.io/hashicorp/google\"]",
        "instances": [
          {
            "index_key": "serviceusage.googleapis.com",
            "schema_version": 0,
            "attributes": {
              "disable_dependent_services": null,
              "disable_on_destroy": true,
              "id": "devops-tp1/serviceusage.googleapis.com",
              "project": "devops-tp1",
              "service": "serviceusage.googleapis.com",
              "timeouts": null
            },
            "sensitive_attributes": [],
            "private": "eyJlMmJmYjczMC1lY2FhLTExZTYtOGY4OC0zNDM2M2JjN2M0YzAiOnsiY3JlYXRlIjoxMjAwMDAwMDAwMDAwLCJkZWxldGUiOjEyMDAwMDAwMDAwMDAsInJlYWQiOjYwMDAwMDAwMDAwMCwidXBkYXRlIjoxMjAwMDAwMDAwMDAwfX0=",
            "dependencies": [
              "google_project_service.ressource_manager"
            ]
          }
        ]
      },
      {
        "mode": "managed",
        "type": "google_sql_database",
        "name": "database",
        "provider": "provider[\"registry.terraform.io/hashicorp/google\"]",
        "instances": [
          {
            "schema_version": 0,
            "attributes": {
              "charset": "utf8mb4",
              "collation": "utf8mb4_0900_ai_ci",
              "deletion_policy": "DELETE",
              "id": "projects/devops-tp1/instances/main-instance/databases/wordpress",
              "instance": "main-instance",
              "name": "wordpress",
              "project": "devops-tp1",
              "self_link": "https://sqladmin.googleapis.com/sql/v1beta4/projects/devops-tp1/instances/main-instance/databases/wordpress",
              "timeouts": null
            },
            "sensitive_attributes": [],
            "private": "eyJlMmJmYjczMC1lY2FhLTExZTYtOGY4OC0zNDM2M2JjN2M0YzAiOnsiY3JlYXRlIjoxMjAwMDAwMDAwMDAwLCJkZWxldGUiOjEyMDAwMDAwMDAwMDAsInVwZGF0ZSI6MTIwMDAwMDAwMDAwMH19"
          }
        ]
      },
      {
        "mode": "managed",
        "type": "google_sql_user",
        "name": "wordpress",
        "provider": "provider[\"registry.terraform.io/hashicorp/google\"]",
        "instances": [
          {
            "schema_version": 1,
            "attributes": {
              "deletion_policy": null,
              "host": "",
              "id": "wordpress//main-instance",
              "instance": "main-instance",
              "name": "wordpress",
              "password": "ilovedevops",
              "password_policy": [],
              "project": "devops-tp1",
              "sql_server_user_details": [],
              "timeouts": null,
              "type": ""
            },
            "sensitive_attributes": [],
            "private": "eyJlMmJmYjczMC1lY2FhLTExZTYtOGY4OC0zNDM2M2JjN2M0YzAiOnsiY3JlYXRlIjo2MDAwMDAwMDAwMDAsImRlbGV0ZSI6NjAwMDAwMDAwMDAwLCJ1cGRhdGUiOjYwMDAwMDAwMDAwMH0sInNjaGVtYV92ZXJzaW9uIjoiMSJ9"
          }
        ]
      },
      {
        "mode": "managed",
        "type": "kubernetes_deployment",
        "name": "mysql",
        "provider": "provider[\"registry.terraform.io/hashicorp/kubernetes\"]",
        "instances": []
      },
      {
        "mode": "managed",
        "type": "kubernetes_deployment",
        "name": "postgres",
        "provider": "provider[\"registry.terraform.io/hashicorp/kubernetes\"]",
        "instances": [
          {
            "schema_version": 1,
            "attributes": {
              "id": "default/postgres",
              "metadata": [
                {
                  "annotations": {},
                  "generate_name": "",
                  "generation": 1,
                  "labels": {
                    "app": "postgres"
                  },
                  "name": "postgres",
                  "namespace": "default",
                  "resource_version": "97726",
                  "uid": "79212c08-346c-4022-ab64-1e040a907220"
                }
              ],
              "spec": [
                {
                  "min_ready_seconds": 0,
                  "paused": false,
                  "progress_deadline_seconds": 600,
                  "replicas": "1",
                  "revision_history_limit": 10,
                  "selector": [
                    {
                      "match_expressions": [],
                      "match_labels": {
                        "app": "postgres"
                      }
                    }
                  ],
                  "strategy": [
                    {
                      "rolling_update": [
                        {
                          "max_surge": "25%",
                          "max_unavailable": "25%"
                        }
                      ],
                      "type": "RollingUpdate"
                    }
                  ],
                  "template": [
                    {
                      "metadata": [
                        {
                          "annotations": {},
                          "generate_name": "",
                          "generation": 0,
                          "labels": {
                            "app": "postgres"
                          },
                          "name": "",
                          "namespace": "",
                          "resource_version": "",
                          "uid": ""
                        }
                      ],
                      "spec": [
                        {
                          "active_deadline_seconds": 0,
                          "affinity": [],
                          "automount_service_account_token": true,
                          "container": [
                            {
                              "args": [],
                              "command": [],
                              "env": [
                                {
                                  "name": "POSTGRES_USER",
                                  "value": "wordpress",
                                  "value_from": []
                                },
                                {
                                  "name": "POSTGRES_PASSWORD",
                                  "value": "securepassword",
                                  "value_from": []
                                },
                                {
                                  "name": "POSTGRES_DB",
                                  "value": "wordpress",
                                  "value_from": []
                                }
                              ],
                              "env_from": [],
                              "image": "postgres:15",
                              "image_pull_policy": "IfNotPresent",
                              "lifecycle": [],
                              "liveness_probe": [],
                              "name": "postgres",
                              "port": [
                                {
                                  "container_port": 5432,
                                  "host_ip": "",
                                  "host_port": 0,
                                  "name": "",
                                  "protocol": "TCP"
                                }
                              ],
                              "readiness_probe": [],
                              "resources": [
                                {
                                  "limits": {},
                                  "requests": {}
                                }
                              ],
                              "security_context": [],
                              "startup_probe": [],
                              "stdin": false,
                              "stdin_once": false,
                              "termination_message_path": "/dev/termination-log",
                              "termination_message_policy": "File",
                              "tty": false,
                              "volume_device": [],
                              "volume_mount": [],
                              "working_dir": ""
                            }
                          ],
                          "dns_config": [],
                          "dns_policy": "ClusterFirst",
                          "enable_service_links": true,
                          "host_aliases": [],
                          "host_ipc": false,
                          "host_network": false,
                          "host_pid": false,
                          "hostname": "",
                          "image_pull_secrets": [],
                          "init_container": [],
                          "node_name": "",
                          "node_selector": {},
                          "os": [],
                          "priority_class_name": "",
                          "readiness_gate": [],
                          "restart_policy": "Always",
                          "runtime_class_name": "",
                          "scheduler_name": "default-scheduler",
                          "security_context": [],
                          "service_account_name": "",
                          "share_process_namespace": false,
                          "subdomain": "",
                          "termination_grace_period_seconds": 30,
                          "toleration": [],
                          "topology_spread_constraint": [],
                          "volume": []
                        }
                      ]
                    }
                  ]
                }
              ],
              "timeouts": null,
              "wait_for_rollout": true
            },
            "sensitive_attributes": [],
            "private": "eyJlMmJmYjczMC1lY2FhLTExZTYtOGY4OC0zNDM2M2JjN2M0YzAiOnsiY3JlYXRlIjo2MDAwMDAwMDAwMDAsImRlbGV0ZSI6NjAwMDAwMDAwMDAwLCJ1cGRhdGUiOjYwMDAwMDAwMDAwMH0sInNjaGVtYV92ZXJzaW9uIjoiMSJ9",
            "dependencies": [
              "data.google_client_config.default",
              "data.google_container_cluster.my_cluster"
            ]
          }
        ]
      },
      {
        "mode": "managed",
        "type": "kubernetes_deployment",
        "name": "wordpress",
        "provider": "provider[\"registry.terraform.io/hashicorp/kubernetes\"]",
        "instances": [
          {
            "schema_version": 1,
            "attributes": {
              "id": "default/wordpress",
              "metadata": [
                {
                  "annotations": null,
                  "generate_name": "",
                  "generation": 1,
                  "labels": {
                    "app": "wordpress"
                  },
                  "name": "wordpress",
                  "namespace": "default",
                  "resource_version": "118191",
                  "uid": "15fa4cb3-4c18-4ad2-8106-bdfdd82db306"
                }
              ],
              "spec": [
                {
                  "min_ready_seconds": 0,
                  "paused": false,
                  "progress_deadline_seconds": 600,
                  "replicas": "1",
                  "revision_history_limit": 10,
                  "selector": [
                    {
                      "match_expressions": [],
                      "match_labels": {
                        "app": "wordpress"
                      }
                    }
                  ],
                  "strategy": [
                    {
                      "rolling_update": [
                        {
                          "max_surge": "25%",
                          "max_unavailable": "25%"
                        }
                      ],
                      "type": "RollingUpdate"
                    }
                  ],
                  "template": [
                    {
                      "metadata": [
                        {
                          "annotations": null,
                          "generate_name": "",
                          "generation": 0,
                          "labels": {
                            "app": "wordpress"
                          },
                          "name": "",
                          "namespace": "",
                          "resource_version": "",
                          "uid": ""
                        }
                      ],
                      "spec": [
                        {
                          "active_deadline_seconds": 0,
                          "affinity": [],
                          "automount_service_account_token": true,
                          "container": [
                            {
                              "args": null,
                              "command": null,
                              "env": [
                                {
                                  "name": "WORDPRESS_DB_HOST",
                                  "value": "postgres",
                                  "value_from": []
                                },
                                {
                                  "name": "WORDPRESS_DB_USER",
                                  "value": "wordpress",
                                  "value_from": []
                                },
                                {
                                  "name": "WORDPRESS_DB_PASSWORD",
                                  "value": "securepassword",
                                  "value_from": []
                                },
                                {
                                  "name": "WORDPRESS_DB_NAME",
                                  "value": "wordpress",
                                  "value_from": []
                                },
                                {
                                  "name": "WORDPRESS_DB_TYPE",
                                  "value": "pgsql",
                                  "value_from": []
                                }
                              ],
                              "env_from": [],
                              "image": "wordpress:latest",
                              "image_pull_policy": "Always",
                              "lifecycle": [],
                              "liveness_probe": [],
                              "name": "wordpress",
                              "port": [
                                {
                                  "container_port": 80,
                                  "host_ip": "",
                                  "host_port": 0,
                                  "name": "",
                                  "protocol": "TCP"
                                }
                              ],
                              "readiness_probe": [],
                              "resources": [
                                {
                                  "limits": {},
                                  "requests": {}
                                }
                              ],
                              "security_context": [],
                              "startup_probe": [],
                              "stdin": false,
                              "stdin_once": false,
                              "termination_message_path": "/dev/termination-log",
                              "termination_message_policy": "File",
                              "tty": false,
                              "volume_device": [],
                              "volume_mount": [],
                              "working_dir": ""
                            }
                          ],
                          "dns_config": [],
                          "dns_policy": "ClusterFirst",
                          "enable_service_links": true,
                          "host_aliases": [],
                          "host_ipc": false,
                          "host_network": false,
                          "host_pid": false,
                          "hostname": "",
                          "image_pull_secrets": [],
                          "init_container": [],
                          "node_name": "",
                          "node_selector": null,
                          "os": [],
                          "priority_class_name": "",
                          "readiness_gate": [],
                          "restart_policy": "Always",
                          "runtime_class_name": "",
                          "scheduler_name": "default-scheduler",
                          "security_context": [],
                          "service_account_name": "",
                          "share_process_namespace": false,
                          "subdomain": "",
                          "termination_grace_period_seconds": 30,
                          "toleration": [],
                          "topology_spread_constraint": [],
                          "volume": []
                        }
                      ]
                    }
                  ]
                }
              ],
              "timeouts": null,
              "wait_for_rollout": true
            },
            "sensitive_attributes": [],
            "private": "eyJlMmJmYjczMC1lY2FhLTExZTYtOGY4OC0zNDM2M2JjN2M0YzAiOnsiY3JlYXRlIjo2MDAwMDAwMDAwMDAsImRlbGV0ZSI6NjAwMDAwMDAwMDAwLCJ1cGRhdGUiOjYwMDAwMDAwMDAwMH0sInNjaGVtYV92ZXJzaW9uIjoiMSJ9",
            "dependencies": [
              "data.google_client_config.default",
              "data.google_container_cluster.my_cluster"
            ]
          }
        ]
      },
      {
        "mode": "managed",
        "type": "kubernetes_service",
        "name": "postgres",
        "provider": "provider[\"registry.terraform.io/hashicorp/kubernetes\"]",
        "instances": [
          {
            "schema_version": 1,
            "attributes": {
              "id": "default/postgres",
              "metadata": [
                {
                  "annotations": {},
                  "generate_name": "",
                  "generation": 0,
                  "labels": {},
                  "name": "postgres",
                  "namespace": "default",
                  "resource_version": "104304",
                  "uid": "04c6e566-964c-4c4b-8b52-5121cd869f51"
                }
              ],
              "spec": [
                {
                  "allocate_load_balancer_node_ports": true,
                  "cluster_ip": "None",
                  "cluster_ips": [
                    "None"
                  ],
                  "external_ips": [],
                  "external_name": "",
                  "external_traffic_policy": "",
                  "health_check_node_port": 0,
                  "internal_traffic_policy": "Cluster",
                  "ip_families": [
                    "IPv4"
                  ],
                  "ip_family_policy": "SingleStack",
                  "load_balancer_class": "",
                  "load_balancer_ip": "",
                  "load_balancer_source_ranges": [],
                  "port": [
                    {
                      "app_protocol": "",
                      "name": "",
                      "node_port": 0,
                      "port": 5432,
                      "protocol": "TCP",
                      "target_port": "5432"
                    }
                  ],
                  "publish_not_ready_addresses": false,
                  "selector": {
                    "app": "postgres"
                  },
                  "session_affinity": "None",
                  "session_affinity_config": [],
                  "type": "ClusterIP"
                }
              ],
              "status": [
                {
                  "load_balancer": [
                    {
                      "ingress": []
                    }
                  ]
                }
              ],
              "timeouts": null,
              "wait_for_load_balancer": true
            },
            "sensitive_attributes": [],
            "private": "eyJlMmJmYjczMC1lY2FhLTExZTYtOGY4OC0zNDM2M2JjN2M0YzAiOnsiY3JlYXRlIjo2MDAwMDAwMDAwMDB9LCJzY2hlbWFfdmVyc2lvbiI6IjEifQ==",
            "dependencies": [
              "data.google_client_config.default",
              "data.google_container_cluster.my_cluster"
            ]
          }
        ]
      },
      {
        "mode": "managed",
        "type": "kubernetes_service",
        "name": "wordpress",
        "provider": "provider[\"registry.terraform.io/hashicorp/kubernetes\"]",
        "instances": [
          {
            "schema_version": 1,
            "attributes": {
              "id": "default/wordpress",
              "metadata": [
                {
                  "annotations": {},
                  "generate_name": "",
                  "generation": 0,
                  "labels": {},
                  "name": "wordpress",
                  "namespace": "default",
                  "resource_version": "104305",
                  "uid": "fd270553-3fe7-4b06-a417-21ab50656271"
                }
              ],
              "spec": [
                {
                  "allocate_load_balancer_node_ports": true,
                  "cluster_ip": "34.118.236.199",
                  "cluster_ips": [
                    "34.118.236.199"
                  ],
                  "external_ips": [],
                  "external_name": "",
                  "external_traffic_policy": "Cluster",
                  "health_check_node_port": 0,
                  "internal_traffic_policy": "Cluster",
                  "ip_families": [
                    "IPv4"
                  ],
                  "ip_family_policy": "SingleStack",
                  "load_balancer_class": "",
                  "load_balancer_ip": "",
                  "load_balancer_source_ranges": [],
                  "port": [
                    {
                      "app_protocol": "",
                      "name": "",
                      "node_port": 31231,
                      "port": 80,
                      "protocol": "TCP",
                      "target_port": "80"
                    }
                  ],
                  "publish_not_ready_addresses": false,
                  "selector": {
                    "app": "wordpress"
                  },
                  "session_affinity": "None",
                  "session_affinity_config": [],
                  "type": "LoadBalancer"
                }
              ],
              "status": [
                {
                  "load_balancer": [
                    {
                      "ingress": [
                        {
                          "hostname": "",
                          "ip": "34.55.91.3"
                        }
                      ]
                    }
                  ]
                }
              ],
              "timeouts": null,
              "wait_for_load_balancer": true
            },
            "sensitive_attributes": [],
            "private": "eyJlMmJmYjczMC1lY2FhLTExZTYtOGY4OC0zNDM2M2JjN2M0YzAiOnsiY3JlYXRlIjo2MDAwMDAwMDAwMDB9LCJzY2hlbWFfdmVyc2lvbiI6IjEifQ==",
            "dependencies": [
              "data.google_client_config.default",
              "data.google_container_cluster.my_cluster"
            ]
          }
        ]
      }
    ],
    "check_results": null
  }